<?xml version="1.0" encoding="utf-8"?>
<Project ToolsVersion="4.0" xmlns="http://schemas.microsoft.com/developer/msbuild/2003">
  <ItemGroup>
    <Filter Include="Assets">
      <UniqueIdentifier>2c7cbbf8-1cc6-4912-90a0-66c58d06ff18</UniqueIdentifier>
      <Extensions>ico;cur;bmp;dds;dlg;fbx;rct;bin;rgs;gif;jpg;jpeg;jpe;resx;tga;tiff;tif;png;wav;mfcribbon-ms</Extensions>
    </Filter>
    <Filter Include="Scene">
      <UniqueIdentifier>{bd2ac77e-95f6-48f6-b2f5-ae2d08ac4ca7}</UniqueIdentifier>
    </Filter>
    <Filter Include="Master">
      <UniqueIdentifier>{a19af363-0107-488c-b287-0b6fea44bc45}</UniqueIdentifier>
    </Filter>
    <Filter Include="Model">
      <UniqueIdentifier>{f73c3162-405a-4b35-a30c-f34b5b11f5b9}</UniqueIdentifier>
    </Filter>
    <Filter Include="Object">
      <UniqueIdentifier>{13fdfce6-3ba2-47f9-935a-66bb1336e36b}</UniqueIdentifier>
    </Filter>
    <Filter Include="Data">
      <UniqueIdentifier>{d1a003ce-438a-4136-a860-f0529097a9a2}</UniqueIdentifier>
    </Filter>
  </ItemGroup>
  <ItemGroup>
    <ClInclude Include="pch.h" />
    <ClInclude Include="Game.h" />
    <ClInclude Include="StepTimer.h" />
    <ClInclude Include="Classes\Scene.h">
      <Filter>Scene</Filter>
    </ClInclude>
    <ClInclude Include="Classes\CustomizeScene.h">
      <Filter>Scene</Filter>
    </ClInclude>
    <ClInclude Include="Classes\SingletonDirector.h">
      <Filter>Master</Filter>
    </ClInclude>
    <ClInclude Include="Classes\Constant.h">
      <Filter>Master</Filter>
    </ClInclude>
    <ClInclude Include="Classes\PlayScene.h">
      <Filter>Scene</Filter>
    </ClInclude>
    <ClInclude Include="Classes\SceneManager.h">
      <Filter>Master</Filter>
    </ClInclude>
    <ClInclude Include="Classes\Object.h">
      <Filter>Object</Filter>
    </ClInclude>
    <ClInclude Include="Classes\Camera.h">
      <Filter>Master</Filter>
    </ClInclude>
    <ClInclude Include="Classes\IModel.h">
      <Filter>Master</Filter>
    </ClInclude>
    <ClInclude Include="Classes\Character.h">
      <Filter>Object</Filter>
    </ClInclude>
    <ClInclude Include="Classes\CharaData.h">
      <Filter>Data</Filter>
    </ClInclude>
    <ClInclude Include="Classes\DXTKManager.h">
      <Filter>Master</Filter>
    </ClInclude>
    <ClInclude Include="Classes\TextureManager.h">
      <Filter>Master</Filter>
    </ClInclude>
    <ClInclude Include="Classes\Player.h">
      <Filter>Object</Filter>
    </ClInclude>
    <ClInclude Include="Classes\PartsView.h">
      <Filter>Object</Filter>
    </ClInclude>
    <ClInclude Include="Classes\Resource2D.h">
      <Filter>Master</Filter>
    </ClInclude>
  </ItemGroup>
  <ItemGroup>
    <ClCompile Include="pch.cpp" />
    <ClCompile Include="Game.cpp" />
    <ClCompile Include="Main.cpp" />
    <ClCompile Include="Classes\Scene.cpp">
      <Filter>Scene</Filter>
    </ClCompile>
    <ClCompile Include="Classes\CustomizeScene.cpp">
      <Filter>Scene</Filter>
    </ClCompile>
    <ClCompile Include="Classes\PlayScene.cpp">
      <Filter>Scene</Filter>
    </ClCompile>
    <ClCompile Include="Classes\SceneManager.cpp">
      <Filter>Master</Filter>
    </ClCompile>
    <ClCompile Include="Classes\Object.cpp">
      <Filter>Object</Filter>
    </ClCompile>
    <ClCompile Include="Classes\Camera.cpp">
      <Filter>Master</Filter>
    </ClCompile>
    <ClCompile Include="Classes\IModel.cpp">
      <Filter>Master</Filter>
    </ClCompile>
    <ClCompile Include="Classes\CharaData.cpp">
      <Filter>Data</Filter>
    </ClCompile>
    <ClCompile Include="Classes\TextureManager.cpp">
      <Filter>Master</Filter>
    </ClCompile>
    <ClCompile Include="Classes\Player.cpp">
      <Filter>Object</Filter>
    </ClCompile>
    <ClCompile Include="Classes\Character.cpp">
      <Filter>Object</Filter>
    </ClCompile>
    <ClCompile Include="Classes\Resource2D.cpp">
      <Filter>Master</Filter>
    </ClCompile>
  </ItemGroup>
  <ItemGroup>
    <ResourceCompile Include="resource.rc" />
  </ItemGroup>
  <ItemGroup>
    <Image Include="directx.ico">
      <Filter>Assets</Filter>
    </Image>
  </ItemGroup>
  <ItemGroup>
    <Manifest Include="settings.manifest">
      <Filter>Assets</Filter>
    </Manifest>
  </ItemGroup>
  <ItemGroup>
    <MeshContentTask Include="Assets\ground_200m.FBX">
      <Filter>Model</Filter>
    </MeshContentTask>
    <MeshContentTask Include="Assets\skyDome.FBX">
      <Filter>Model</Filter>
    </MeshContentTask>
    <MeshContentTask Include="Assets\Body2.FBX">
      <Filter>Model</Filter>
    </MeshContentTask>
    <MeshContentTask Include="Assets\Head3.FBX">
      <Filter>Model</Filter>
    </MeshContentTask>
    <MeshContentTask Include="Assets\Leg2.FBX">
      <Filter>Model</Filter>
    </MeshContentTask>
    <MeshContentTask Include="Assets\Body1.FBX">
      <Filter>Model</Filter>
    </MeshContentTask>
    <MeshContentTask Include="Assets\Head1.FBX">
      <Filter>Model</Filter>
    </MeshContentTask>
    <MeshContentTask Include="Assets\Head2.FBX">
      <Filter>Model</Filter>
    </MeshContentTask>
    <MeshContentTask Include="Assets\Leg1.FBX">
      <Filter>Model</Filter>
    </MeshContentTask>
  </ItemGroup>
</Project>